
Microsoft Visual Studio Solution File, Format Version 12.00
# Visual Studio 15
VisualStudioVersion = 15.0.28307.421
MinimumVisualStudioVersion = 10.0.40219.1
Project("{9A19103F-16F7-4668-BE54-9A1E7A4F7556}") = "DocumentationAssistant", "DocumentationAssistant\DocumentationAssistant\DocumentationAssistant.csproj", "{7E144CCA-9B83-4C1A-83F0-2B8AD87C2CE0}"
EndProject
Project("{9A19103F-16F7-4668-BE54-9A1E7A4F7556}") = "DocumentationAssistant.Test", "DocumentationAssistant\DocumentationAssistant.Test\DocumentationAssistant.Test.csproj", "{31BA62E4-70F9-448E-B5B4-49C06992C042}"
EndProject
Project("{FAE04EC0-301F-11D3-BF4B-00C04F79EFBC}") = "DocumentationAssistant.Vsix", "DocumentationAssistant\DocumentationAssistant.Vsix\DocumentationAssistant.Vsix.csproj", "{213F13FD-8CFB-46A7-87F6-3A4ED53E2C68}"
EndProject
Project("{FAE04EC0-301F-11D3-BF4B-00C04F79EFBC}") = "DocumentationAssistant.Config", "DocumentationAssistant\DocumentationAssistant.Config\DocumentationAssistant.Config.csproj", "{419115D7-A23C-4561-BF2D-D8C8EB0A17F1}"
EndProject
Global
	GlobalSection(SolutionConfigurationPlatforms) = preSolution
		Debug|Any CPU = Debug|Any CPU
		Release|Any CPU = Release|Any CPU
	EndGlobalSection
	GlobalSection(ProjectConfigurationPlatforms) = postSolution
		{7E144CCA-9B83-4C1A-83F0-2B8AD87C2CE0}.Debug|Any CPU.ActiveCfg = Debug|Any CPU
		{7E144CCA-9B83-4C1A-83F0-2B8AD87C2CE0}.Debug|Any CPU.Build.0 = Debug|Any CPU
		{7E144CCA-9B83-4C1A-83F0-2B8AD87C2CE0}.Release|Any CPU.ActiveCfg = Release|Any CPU
		{7E144CCA-9B83-4C1A-83F0-2B8AD87C2CE0}.Release|Any CPU.Build.0 = Release|Any CPU
		{31BA62E4-70F9-448E-B5B4-49C06992C042}.Debug|Any CPU.ActiveCfg = Debug|Any CPU
		{31BA62E4-70F9-448E-B5B4-49C06992C042}.Debug|Any CPU.Build.0 = Debug|Any CPU
		{31BA62E4-70F9-448E-B5B4-49C06992C042}.Release|Any CPU.ActiveCfg = Release|Any CPU
		{31BA62E4-70F9-448E-B5B4-49C06992C042}.Release|Any CPU.Build.0 = Release|Any CPU
		{213F13FD-8CFB-46A7-87F6-3A4ED53E2C68}.Debug|Any CPU.ActiveCfg = Debug|Any CPU
		{213F13FD-8CFB-46A7-87F6-3A4ED53E2C68}.Debug|Any CPU.Build.0 = Debug|Any CPU
		{213F13FD-8CFB-46A7-87F6-3A4ED53E2C68}.Release|Any CPU.ActiveCfg = Release|Any CPU
		{213F13FD-8CFB-46A7-87F6-3A4ED53E2C68}.Release|Any CPU.Build.0 = Release|Any CPU
		{419115D7-A23C-4561-BF2D-D8C8EB0A17F1}.Debug|Any CPU.ActiveCfg = Debug|Any CPU
		{419115D7-A23C-4561-BF2D-D8C8EB0A17F1}.Debug|Any CPU.Build.0 = Debug|Any CPU
		{419115D7-A23C-4561-BF2D-D8C8EB0A17F1}.Release|Any CPU.ActiveCfg = Release|Any CPU
		{419115D7-A23C-4561-BF2D-D8C8EB0A17F1}.Release|Any CPU.Build.0 = Release|Any CPU
	EndGlobalSection
	GlobalSection(SolutionProperties) = preSolution
		HideSolutionNode = FALSE
	EndGlobalSection
	GlobalSection(ExtensibilityGlobals) = postSolution
		SolutionGuid = {B1C24040-E2CB-4A07-9065-4F50A8208F89}
	EndGlobalSection
EndGlobal
